
Microsoft Visual Studio Solution File, Format Version 12.00
# Visual Studio 14
VisualStudioVersion = 14.0.24720.0
MinimumVisualStudioVersion = 10.0.40219.1
Project("{2150E333-8FDC-42A3-9474-1A3956D46DE8}") = "src", "src", "{C8E8AEC2-8BDB-4A21-85E0-E6D5E9EED9E5}"
EndProject
Project("{2150E333-8FDC-42A3-9474-1A3956D46DE8}") = "Solution Items", "Solution Items", "{BF11E796-EB9C-44A4-8F27-F0F4135486D1}"
	ProjectSection(SolutionItems) = preProject
		global.json = global.json
	EndProjectSection
EndProject
Project("{8BB2217D-0F2D-49D1-97BC-3654ED321F3B}") = "EightHair", "src\EightHair\EightHair.xproj", "{E2C40A60-45C0-4062-AC99-6D2CC5868076}"
EndProject
Global
	GlobalSection(SolutionConfigurationPlatforms) = preSolution
		Debug|Any CPU = Debug|Any CPU
		Release|Any CPU = Release|Any CPU
	EndGlobalSection
	GlobalSection(ProjectConfigurationPlatforms) = postSolution
		{E2C40A60-45C0-4062-AC99-6D2CC5868076}.Debug|Any CPU.ActiveCfg = Debug|Any CPU
		{E2C40A60-45C0-4062-AC99-6D2CC5868076}.Debug|Any CPU.Build.0 = Debug|Any CPU
		{E2C40A60-45C0-4062-AC99-6D2CC5868076}.Release|Any CPU.ActiveCfg = Release|Any CPU
		{E2C40A60-45C0-4062-AC99-6D2CC5868076}.Release|Any CPU.Build.0 = Release|Any CPU
	EndGlobalSection
	GlobalSection(SolutionProperties) = preSolution
		HideSolutionNode = FALSE
	EndGlobalSection
	GlobalSection(NestedProjects) = preSolution
		{E2C40A60-45C0-4062-AC99-6D2CC5868076} = {C8E8AEC2-8BDB-4A21-85E0-E6D5E9EED9E5}
	EndGlobalSection
EndGlobal
