
Microsoft Visual Studio Solution File, Format Version 12.00
# Visual Studio 14
VisualStudioVersion = 14.0.24720.0
MinimumVisualStudioVersion = 10.0.40219.1
Project("{FAE04EC0-301F-11D3-BF4B-00C04F79EFBC}") = "EightHair", "EightHair\EightHair.csproj", "{22B8A928-CABA-4233-8AFF-757AE8793534}"
EndProject
Project("{FAE04EC0-301F-11D3-BF4B-00C04F79EFBC}") = "EightHair.Tests", "EightHair.Tests\EightHair.Tests.csproj", "{E0074AC1-67F7-4DE4-8477-5C2C3ABA7CF1}"
EndProject
Global
	GlobalSection(SolutionConfigurationPlatforms) = preSolution
		Debug|Any CPU = Debug|Any CPU
		Release|Any CPU = Release|Any CPU
	EndGlobalSection
	GlobalSection(ProjectConfigurationPlatforms) = postSolution
		{22B8A928-CABA-4233-8AFF-757AE8793534}.Debug|Any CPU.ActiveCfg = Debug|Any CPU
		{22B8A928-CABA-4233-8AFF-757AE8793534}.Debug|Any CPU.Build.0 = Debug|Any CPU
		{22B8A928-CABA-4233-8AFF-757AE8793534}.Release|Any CPU.ActiveCfg = Release|Any CPU
		{22B8A928-CABA-4233-8AFF-757AE8793534}.Release|Any CPU.Build.0 = Release|Any CPU
		{E0074AC1-67F7-4DE4-8477-5C2C3ABA7CF1}.Debug|Any CPU.ActiveCfg = Debug|Any CPU
		{E0074AC1-67F7-4DE4-8477-5C2C3ABA7CF1}.Debug|Any CPU.Build.0 = Debug|Any CPU
		{E0074AC1-67F7-4DE4-8477-5C2C3ABA7CF1}.Release|Any CPU.ActiveCfg = Release|Any CPU
		{E0074AC1-67F7-4DE4-8477-5C2C3ABA7CF1}.Release|Any CPU.Build.0 = Release|Any CPU
	EndGlobalSection
	GlobalSection(SolutionProperties) = preSolution
		HideSolutionNode = FALSE
	EndGlobalSection
EndGlobal
